// !$*UTF8*$!
{
	archiveVersion = 1;
	classes = {
	};
	objectVersion = 50;
	objects = {

/* Begin PBXBuildFile section */
		1111F70A21DF3E0B0051606A /* AppDelegate.swift in Sources */ = {isa = PBXBuildFile; fileRef = 1111F70921DF3E0B0051606A /* AppDelegate.swift */; };
		1111F70F21DF3E0B0051606A /* Main.storyboard in Resources */ = {isa = PBXBuildFile; fileRef = 1111F70D21DF3E0B0051606A /* Main.storyboard */; };
		1111F71121DF3E0D0051606A /* Assets.xcassets in Resources */ = {isa = PBXBuildFile; fileRef = 1111F71021DF3E0D0051606A /* Assets.xcassets */; };
		1111F71421DF3E0D0051606A /* LaunchScreen.storyboard in Resources */ = {isa = PBXBuildFile; fileRef = 1111F71221DF3E0D0051606A /* LaunchScreen.storyboard */; };
		1111F72021DF3F1B0051606A /* StudentInformation.swift in Sources */ = {isa = PBXBuildFile; fileRef = 1111F71F21DF3F1B0051606A /* StudentInformation.swift */; };
		1111F72221DF49FF0051606A /* Constants.swift in Sources */ = {isa = PBXBuildFile; fileRef = 1111F72121DF49FF0051606A /* Constants.swift */; };
		1111F72421DF4B450051606A /* API.swift in Sources */ = {isa = PBXBuildFile; fileRef = 1111F72321DF4B450051606A /* API.swift */; };
		1111F72621DF4B9C0051606A /* Locations.swift in Sources */ = {isa = PBXBuildFile; fileRef = 1111F72521DF4B9C0051606A /* Locations.swift */; };
		1111F72821DF500F0051606A /* UserInfo.swift in Sources */ = {isa = PBXBuildFile; fileRef = 1111F72721DF500F0051606A /* UserInfo.swift */; };
		1111F72A21DF5C310051606A /* Parser.swift in Sources */ = {isa = PBXBuildFile; fileRef = 1111F72921DF5C310051606A /* Parser.swift */; };
		1111F72C21DF90600051606A /* LogInViewController.swift in Sources */ = {isa = PBXBuildFile; fileRef = 1111F72B21DF90600051606A /* LogInViewController.swift */; };
		1111F72E21E056460051606A /* MapViewController.swift in Sources */ = {isa = PBXBuildFile; fileRef = 1111F72D21E056460051606A /* MapViewController.swift */; };
		1111F73021E070590051606A /* TableViewController.swift in Sources */ = {isa = PBXBuildFile; fileRef = 1111F72F21E070590051606A /* TableViewController.swift */; };
		1111F73221E0A95E0051606A /* AddLocationViewController.swift in Sources */ = {isa = PBXBuildFile; fileRef = 1111F73121E0A95E0051606A /* AddLocationViewController.swift */; };
		1111F73421E0B59C0051606A /* ConfirmLocationViewController.swift in Sources */ = {isa = PBXBuildFile; fileRef = 1111F73321E0B59C0051606A /* ConfirmLocationViewController.swift */; };
		1111F73621E0C7F50051606A /* CurrentClient.swift in Sources */ = {isa = PBXBuildFile; fileRef = 1111F73521E0C7F50051606A /* CurrentClient.swift */; };
/* End PBXBuildFile section */

/* Begin PBXFileReference section */
		1111F70621DF3E0A0051606A /* On the map.app */ = {isa = PBXFileReference; explicitFileType = wrapper.application; includeInIndex = 0; path = "On the map.app"; sourceTree = BUILT_PRODUCTS_DIR; };
		1111F70921DF3E0B0051606A /* AppDelegate.swift */ = {isa = PBXFileReference; lastKnownFileType = sourcecode.swift; path = AppDelegate.swift; sourceTree = "<group>"; };
		1111F70E21DF3E0B0051606A /* Base */ = {isa = PBXFileReference; lastKnownFileType = file.storyboard; name = Base; path = Base.lproj/Main.storyboard; sourceTree = "<group>"; };
		1111F71021DF3E0D0051606A /* Assets.xcassets */ = {isa = PBXFileReference; lastKnownFileType = folder.assetcatalog; path = Assets.xcassets; sourceTree = "<group>"; };
		1111F71321DF3E0D0051606A /* Base */ = {isa = PBXFileReference; lastKnownFileType = file.storyboard; name = Base; path = Base.lproj/LaunchScreen.storyboard; sourceTree = "<group>"; };
		1111F71521DF3E0D0051606A /* Info.plist */ = {isa = PBXFileReference; lastKnownFileType = text.plist.xml; path = Info.plist; sourceTree = "<group>"; };
		1111F71F21DF3F1B0051606A /* StudentInformation.swift */ = {isa = PBXFileReference; lastKnownFileType = sourcecode.swift; path = StudentInformation.swift; sourceTree = "<group>"; };
		1111F72121DF49FF0051606A /* Constants.swift */ = {isa = PBXFileReference; lastKnownFileType = sourcecode.swift; path = Constants.swift; sourceTree = "<group>"; };
		1111F72321DF4B450051606A /* API.swift */ = {isa = PBXFileReference; lastKnownFileType = sourcecode.swift; path = API.swift; sourceTree = "<group>"; };
		1111F72521DF4B9C0051606A /* Locations.swift */ = {isa = PBXFileReference; lastKnownFileType = sourcecode.swift; path = Locations.swift; sourceTree = "<group>"; };
		1111F72721DF500F0051606A /* UserInfo.swift */ = {isa = PBXFileReference; lastKnownFileType = sourcecode.swift; path = UserInfo.swift; sourceTree = "<group>"; };
		1111F72921DF5C310051606A /* Parser.swift */ = {isa = PBXFileReference; lastKnownFileType = sourcecode.swift; path = Parser.swift; sourceTree = "<group>"; };
		1111F72B21DF90600051606A /* LogInViewController.swift */ = {isa = PBXFileReference; lastKnownFileType = sourcecode.swift; path = LogInViewController.swift; sourceTree = "<group>"; };
		1111F72D21E056460051606A /* MapViewController.swift */ = {isa = PBXFileReference; lastKnownFileType = sourcecode.swift; path = MapViewController.swift; sourceTree = "<group>"; };
		1111F72F21E070590051606A /* TableViewController.swift */ = {isa = PBXFileReference; lastKnownFileType = sourcecode.swift; path = TableViewController.swift; sourceTree = "<group>"; };
		1111F73121E0A95E0051606A /* AddLocationViewController.swift */ = {isa = PBXFileReference; lastKnownFileType = sourcecode.swift; path = AddLocationViewController.swift; sourceTree = "<group>"; };
		1111F73321E0B59C0051606A /* ConfirmLocationViewController.swift */ = {isa = PBXFileReference; lastKnownFileType = sourcecode.swift; path = ConfirmLocationViewController.swift; sourceTree = "<group>"; };
		1111F73521E0C7F50051606A /* CurrentClient.swift */ = {isa = PBXFileReference; lastKnownFileType = sourcecode.swift; path = CurrentClient.swift; sourceTree = "<group>"; };
/* End PBXFileReference section */

/* Begin PBXFrameworksBuildPhase section */
		1111F70321DF3E0A0051606A /* Frameworks */ = {
			isa = PBXFrameworksBuildPhase;
			buildActionMask = 2147483647;
			files = (
			);
			runOnlyForDeploymentPostprocessing = 0;
		};
/* End PBXFrameworksBuildPhase section */

/* Begin PBXGroup section */
		1111F6FD21DF3E0A0051606A = {
			isa = PBXGroup;
			children = (
				1111F70821DF3E0B0051606A /* On the map */,
				1111F70721DF3E0A0051606A /* Products */,
			);
			sourceTree = "<group>";
		};
		1111F70721DF3E0A0051606A /* Products */ = {
			isa = PBXGroup;
			children = (
				1111F70621DF3E0A0051606A /* On the map.app */,
			);
			name = Products;
			sourceTree = "<group>";
		};
		1111F70821DF3E0B0051606A /* On the map */ = {
			isa = PBXGroup;
			children = (
				1111F71D21DF3E430051606A /* Model */,
				1111F71C21DF3E370051606A /* View */,
				1111F71E21DF3E4B0051606A /* Controller */,
				1111F70921DF3E0B0051606A /* AppDelegate.swift */,
				1111F71521DF3E0D0051606A /* Info.plist */,
			);
			path = "On the map";
			sourceTree = "<group>";
		};
		1111F71C21DF3E370051606A /* View */ = {
			isa = PBXGroup;
			children = (
				1111F70D21DF3E0B0051606A /* Main.storyboard */,
				1111F71021DF3E0D0051606A /* Assets.xcassets */,
				1111F71221DF3E0D0051606A /* LaunchScreen.storyboard */,
			);
			path = View;
			sourceTree = "<group>";
		};
		1111F71D21DF3E430051606A /* Model */ = {
			isa = PBXGroup;
			children = (
				1111F71F21DF3F1B0051606A /* StudentInformation.swift */,
				1111F72521DF4B9C0051606A /* Locations.swift */,
				1111F72121DF49FF0051606A /* Constants.swift */,
				1111F72721DF500F0051606A /* UserInfo.swift */,
				1111F72321DF4B450051606A /* API.swift */,
				1111F72921DF5C310051606A /* Parser.swift */,
				1111F73521E0C7F50051606A /* CurrentClient.swift */,
			);
			path = Model;
			sourceTree = "<group>";
		};
		1111F71E21DF3E4B0051606A /* Controller */ = {
			isa = PBXGroup;
			children = (
				1111F72B21DF90600051606A /* LogInViewController.swift */,
				1111F72D21E056460051606A /* MapViewController.swift */,
				1111F72F21E070590051606A /* TableViewController.swift */,
				1111F73121E0A95E0051606A /* AddLocationViewController.swift */,
				1111F73321E0B59C0051606A /* ConfirmLocationViewController.swift */,
			);
			path = Controller;
			sourceTree = "<group>";
		};
/* End PBXGroup section */

/* Begin PBXNativeTarget section */
		1111F70521DF3E0A0051606A /* On the map */ = {
			isa = PBXNativeTarget;
			buildConfigurationList = 1111F71821DF3E0D0051606A /* Build configuration list for PBXNativeTarget "On the map" */;
			buildPhases = (
				1111F70221DF3E0A0051606A /* Sources */,
				1111F70321DF3E0A0051606A /* Frameworks */,
				1111F70421DF3E0A0051606A /* Resources */,
			);
			buildRules = (
			);
			dependencies = (
			);
			name = "On the map";
			productName = "On the map";
			productReference = 1111F70621DF3E0A0051606A /* On the map.app */;
			productType = "com.apple.product-type.application";
		};
/* End PBXNativeTarget section */

/* Begin PBXProject section */
		1111F6FE21DF3E0A0051606A /* Project object */ = {
			isa = PBXProject;
			attributes = {
				LastSwiftUpdateCheck = 1010;
				LastUpgradeCheck = 1010;
				ORGANIZATIONNAME = Bashayer;
				TargetAttributes = {
					1111F70521DF3E0A0051606A = {
						CreatedOnToolsVersion = 10.1;
					};
				};
			};
			buildConfigurationList = 1111F70121DF3E0A0051606A /* Build configuration list for PBXProject "On the map" */;
			compatibilityVersion = "Xcode 9.3";
			developmentRegion = en;
			hasScannedForEncodings = 0;
			knownRegions = (
				en,
				Base,
			);
			mainGroup = 1111F6FD21DF3E0A0051606A;
			productRefGroup = 1111F70721DF3E0A0051606A /* Products */;
			projectDirPath = "";
			projectRoot = "";
			targets = (
				1111F70521DF3E0A0051606A /* On the map */,
			);
		};
/* End PBXProject section */

/* Begin PBXResourcesBuildPhase section */
		1111F70421DF3E0A0051606A /* Resources */ = {
			isa = PBXResourcesBuildPhase;
			buildActionMask = 2147483647;
			files = (
				1111F71421DF3E0D0051606A /* LaunchScreen.storyboard in Resources */,
				1111F71121DF3E0D0051606A /* Assets.xcassets in Resources */,
				1111F70F21DF3E0B0051606A /* Main.storyboard in Resources */,
			);
			runOnlyForDeploymentPostprocessing = 0;
		};
/* End PBXResourcesBuildPhase section */

/* Begin PBXSourcesBuildPhase section */
		1111F70221DF3E0A0051606A /* Sources */ = {
			isa = PBXSourcesBuildPhase;
			buildActionMask = 2147483647;
			files = (
				1111F70A21DF3E0B0051606A /* AppDelegate.swift in Sources */,
				1111F72021DF3F1B0051606A /* StudentInformation.swift in Sources */,
				1111F72421DF4B450051606A /* API.swift in Sources */,
				1111F73021E070590051606A /* TableViewController.swift in Sources */,
				1111F72621DF4B9C0051606A /* Locations.swift in Sources */,
				1111F73221E0A95E0051606A /* AddLocationViewController.swift in Sources */,
				1111F72E21E056460051606A /* MapViewController.swift in Sources */,
				1111F72C21DF90600051606A /* LogInViewController.swift in Sources */,
				1111F73421E0B59C0051606A /* ConfirmLocationViewController.swift in Sources */,
				1111F72821DF500F0051606A /* UserInfo.swift in Sources */,
				1111F72A21DF5C310051606A /* Parser.swift in Sources */,
				1111F72221DF49FF0051606A /* Constants.swift in Sources */,
				1111F73621E0C7F50051606A /* CurrentClient.swift in Sources */,
			);
			runOnlyForDeploymentPostprocessing = 0;
		};
/* End PBXSourcesBuildPhase section */

/* Begin PBXVariantGroup section */
		1111F70D21DF3E0B0051606A /* Main.storyboard */ = {
			isa = PBXVariantGroup;
			children = (
				1111F70E21DF3E0B0051606A /* Base */,
			);
			name = Main.storyboard;
			sourceTree = "<group>";
		};
		1111F71221DF3E0D0051606A /* LaunchScreen.storyboard */ = {
			isa = PBXVariantGroup;
			children = (
				1111F71321DF3E0D0051606A /* Base */,
			);
			name = LaunchScreen.storyboard;
			sourceTree = "<group>";
		};
/* End PBXVariantGroup section */

/* Begin XCBuildConfiguration section */
		1111F71621DF3E0D0051606A /* Debug */ = {
			isa = XCBuildConfiguration;
			buildSettings = {
				ALWAYS_SEARCH_USER_PATHS = NO;
				CLANG_ANALYZER_NONNULL = YES;
				CLANG_ANALYZER_NUMBER_OBJECT_CONVERSION = YES_AGGRESSIVE;
				CLANG_CXX_LANGUAGE_STANDARD = "gnu++14";
				CLANG_CXX_LIBRARY = "libc++";
				CLANG_ENABLE_MODULES = YES;
				CLANG_ENABLE_OBJC_ARC = YES;
				CLANG_ENABLE_OBJC_WEAK = YES;
				CLANG_WARN_BLOCK_CAPTURE_AUTORELEASING = YES;
				CLANG_WARN_BOOL_CONVERSION = YES;
				CLANG_WARN_COMMA = YES;
				CLANG_WARN_CONSTANT_CONVERSION = YES;
				CLANG_WARN_DEPRECATED_OBJC_IMPLEMENTATIONS = YES;
				CLANG_WARN_DIRECT_OBJC_ISA_USAGE = YES_ERROR;
				CLANG_WARN_DOCUMENTATION_COMMENTS = YES;
				CLANG_WARN_EMPTY_BODY = YES;
				CLANG_WARN_ENUM_CONVERSION = YES;
				CLANG_WARN_INFINITE_RECURSION = YES;
				CLANG_WARN_INT_CONVERSION = YES;
				CLANG_WARN_NON_LITERAL_NULL_CONVERSION = YES;
				CLANG_WARN_OBJC_IMPLICIT_RETAIN_SELF = YES;
				CLANG_WARN_OBJC_LITERAL_CONVERSION = YES;
				CLANG_WARN_OBJC_ROOT_CLASS = YES_ERROR;
				CLANG_WARN_RANGE_LOOP_ANALYSIS = YES;
				CLANG_WARN_STRICT_PROTOTYPES = YES;
				CLANG_WARN_SUSPICIOUS_MOVE = YES;
				CLANG_WARN_UNGUARDED_AVAILABILITY = YES_AGGRESSIVE;
				CLANG_WARN_UNREACHABLE_CODE = YES;
				CLANG_WARN__DUPLICATE_METHOD_MATCH = YES;
				CODE_SIGN_IDENTITY = "iPhone Developer";
				COPY_PHASE_STRIP = NO;
				DEBUG_INFORMATION_FORMAT = dwarf;
				ENABLE_STRICT_OBJC_MSGSEND = YES;
				ENABLE_TESTABILITY = YES;
				GCC_C_LANGUAGE_STANDARD = gnu11;
				GCC_DYNAMIC_NO_PIC = NO;
				GCC_NO_COMMON_BLOCKS = YES;
				GCC_OPTIMIZATION_LEVEL = 0;
				GCC_PREPROCESSOR_DEFINITIONS = (
					"DEBUG=1",
					"$(inherited)",
				);
				GCC_WARN_64_TO_32_BIT_CONVERSION = YES;
				GCC_WARN_ABOUT_RETURN_TYPE = YES_ERROR;
				GCC_WARN_UNDECLARED_SELECTOR = YES;
				GCC_WARN_UNINITIALIZED_AUTOS = YES_AGGRESSIVE;
				GCC_WARN_UNUSED_FUNCTION = YES;
				GCC_WARN_UNUSED_VARIABLE = YES;
				IPHONEOS_DEPLOYMENT_TARGET = 12.1;
				MTL_ENABLE_DEBUG_INFO = INCLUDE_SOURCE;
				MTL_FAST_MATH = YES;
				ONLY_ACTIVE_ARCH = YES;
				SDKROOT = iphoneos;
				SWIFT_ACTIVE_COMPILATION_CONDITIONS = DEBUG;
				SWIFT_OPTIMIZATION_LEVEL = "-Onone";
			};
			name = Debug;
		};
		1111F71721DF3E0D0051606A /* Release */ = {
			isa = XCBuildConfiguration;
			buildSettings = {
				ALWAYS_SEARCH_USER_PATHS = NO;
				CLANG_ANALYZER_NONNULL = YES;
				CLANG_ANALYZER_NUMBER_OBJECT_CONVERSION = YES_AGGRESSIVE;
				CLANG_CXX_LANGUAGE_STANDARD = "gnu++14";
				CLANG_CXX_LIBRARY = "libc++";
				CLANG_ENABLE_MODULES = YES;
				CLANG_ENABLE_OBJC_ARC = YES;
				CLANG_ENABLE_OBJC_WEAK = YES;
				CLANG_WARN_BLOCK_CAPTURE_AUTORELEASING = YES;
				CLANG_WARN_BOOL_CONVERSION = YES;
				CLANG_WARN_COMMA = YES;
				CLANG_WARN_CONSTANT_CONVERSION = YES;
				CLANG_WARN_DEPRECATED_OBJC_IMPLEMENTATIONS = YES;
				CLANG_WARN_DIRECT_OBJC_ISA_USAGE = YES_ERROR;
				CLANG_WARN_DOCUMENTATION_COMMENTS = YES;
				CLANG_WARN_EMPTY_BODY = YES;
				CLANG_WARN_ENUM_CONVERSION = YES;
				CLANG_WARN_INFINITE_RECURSION = YES;
				CLANG_WARN_INT_CONVERSION = YES;
				CLANG_WARN_NON_LITERAL_NULL_CONVERSION = YES;
				CLANG_WARN_OBJC_IMPLICIT_RETAIN_SELF = YES;
				CLANG_WARN_OBJC_LITERAL_CONVERSION = YES;
				CLANG_WARN_OBJC_ROOT_CLASS = YES_ERROR;
				CLANG_WARN_RANGE_LOOP_ANALYSIS = YES;
				CLANG_WARN_STRICT_PROTOTYPES = YES;
				CLANG_WARN_SUSPICIOUS_MOVE = YES;
				CLANG_WARN_UNGUARDED_AVAILABILITY = YES_AGGRESSIVE;
				CLANG_WARN_UNREACHABLE_CODE = YES;
				CLANG_WARN__DUPLICATE_METHOD_MATCH = YES;
				CODE_SIGN_IDENTITY = "iPhone Developer";
				COPY_PHASE_STRIP = NO;
				DEBUG_INFORMATION_FORMAT = "dwarf-with-dsym";
				ENABLE_NS_ASSERTIONS = NO;
				ENABLE_STRICT_OBJC_MSGSEND = YES;
				GCC_C_LANGUAGE_STANDARD = gnu11;
				GCC_NO_COMMON_BLOCKS = YES;
				GCC_WARN_64_TO_32_BIT_CONVERSION = YES;
				GCC_WARN_ABOUT_RETURN_TYPE = YES_ERROR;
				GCC_WARN_UNDECLARED_SELECTOR = YES;
				GCC_WARN_UNINITIALIZED_AUTOS = YES_AGGRESSIVE;
				GCC_WARN_UNUSED_FUNCTION = YES;
				GCC_WARN_UNUSED_VARIABLE = YES;
				IPHONEOS_DEPLOYMENT_TARGET = 12.1;
				MTL_ENABLE_DEBUG_INFO = NO;
				MTL_FAST_MATH = YES;
				SDKROOT = iphoneos;
				SWIFT_COMPILATION_MODE = wholemodule;
				SWIFT_OPTIMIZATION_LEVEL = "-O";
				VALIDATE_PRODUCT = YES;
			};
			name = Release;
		};
		1111F71921DF3E0D0051606A /* Debug */ = {
			isa = XCBuildConfiguration;
			buildSettings = {
				ASSETCATALOG_COMPILER_APPICON_NAME = AppIcon;
				CODE_SIGN_STYLE = Automatic;
				DEVELOPMENT_TEAM = P2YVGWZG5K;
				INFOPLIST_FILE = "On the map/Info.plist";
				LD_RUNPATH_SEARCH_PATHS = (
					"$(inherited)",
					"@executable_path/Frameworks",
				);
				PRODUCT_BUNDLE_IDENTIFIER = "Udacity.On-the-map";
				PRODUCT_NAME = "$(TARGET_NAME)";
				SWIFT_VERSION = 4.2;
				TARGETED_DEVICE_FAMILY = "1,2";
			};
			name = Debug;
		};
		1111F71A21DF3E0D0051606A /* Release */ = {
			isa = XCBuildConfiguration;
			buildSettings = {
				ASSETCATALOG_COMPILER_APPICON_NAME = AppIcon;
				CODE_SIGN_STYLE = Automatic;
				DEVELOPMENT_TEAM = P2YVGWZG5K;
				INFOPLIST_FILE = "On the map/Info.plist";
				LD_RUNPATH_SEARCH_PATHS = (
					"$(inherited)",
					"@executable_path/Frameworks",
				);
				PRODUCT_BUNDLE_IDENTIFIER = "Udacity.On-the-map";
				PRODUCT_NAME = "$(TARGET_NAME)";
				SWIFT_VERSION = 4.2;
				TARGETED_DEVICE_FAMILY = "1,2";
			};
			name = Release;
		};
/* End XCBuildConfiguration section */

/* Begin XCConfigurationList section */
		1111F70121DF3E0A0051606A /* Build configuration list for PBXProject "On the map" */ = {
			isa = XCConfigurationList;
			buildConfigurations = (
				1111F71621DF3E0D0051606A /* Debug */,
				1111F71721DF3E0D0051606A /* Release */,
			);
			defaultConfigurationIsVisible = 0;
			defaultConfigurationName = Release;
		};
		1111F71821DF3E0D0051606A /* Build configuration list for PBXNativeTarget "On the map" */ = {
			isa = XCConfigurationList;
			buildConfigurations = (
				1111F71921DF3E0D0051606A /* Debug */,
				1111F71A21DF3E0D0051606A /* Release */,
			);
			defaultConfigurationIsVisible = 0;
			defaultConfigurationName = Release;
		};
/* End XCConfigurationList section */
	};
	rootObject = 1111F6FE21DF3E0A0051606A /* Project object */;
}
